// !$*UTF8*$!
{
	archiveVersion = 1;
	classes = {
	};
	objectVersion = 50;
	objects = {

/* Begin PBXBuildFile section */
		B2754E0A24EE905900FDD971 /* AppDelegate.swift in Sources */ = {isa = PBXBuildFile; fileRef = B2754E0924EE905900FDD971 /* AppDelegate.swift */; };
		B2754E0C24EE905900FDD971 /* SceneDelegate.swift in Sources */ = {isa = PBXBuildFile; fileRef = B2754E0B24EE905900FDD971 /* SceneDelegate.swift */; };
		B2754E0E24EE905900FDD971 /* ViewController.swift in Sources */ = {isa = PBXBuildFile; fileRef = B2754E0D24EE905900FDD971 /* ViewController.swift */; };
		B2754E1124EE905900FDD971 /* Main.storyboard in Resources */ = {isa = PBXBuildFile; fileRef = B2754E0F24EE905900FDD971 /* Main.storyboard */; };
		B2754E1424EE905900FDD971 /* RealDecoy.xcdatamodeld in Sources */ = {isa = PBXBuildFile; fileRef = B2754E1224EE905900FDD971 /* RealDecoy.xcdatamodeld */; };
		B2754E1624EE905A00FDD971 /* Assets.xcassets in Resources */ = {isa = PBXBuildFile; fileRef = B2754E1524EE905A00FDD971 /* Assets.xcassets */; };
		B2754E1924EE905A00FDD971 /* LaunchScreen.storyboard in Resources */ = {isa = PBXBuildFile; fileRef = B2754E1724EE905A00FDD971 /* LaunchScreen.storyboard */; };
/* End PBXBuildFile section */

/* Begin PBXFileReference section */
		B2754E0624EE905900FDD971 /* RealDecoy.app */ = {isa = PBXFileReference; explicitFileType = wrapper.application; includeInIndex = 0; path = RealDecoy.app; sourceTree = BUILT_PRODUCTS_DIR; };
		B2754E0924EE905900FDD971 /* AppDelegate.swift */ = {isa = PBXFileReference; lastKnownFileType = sourcecode.swift; path = AppDelegate.swift; sourceTree = "<group>"; };
		B2754E0B24EE905900FDD971 /* SceneDelegate.swift */ = {isa = PBXFileReference; lastKnownFileType = sourcecode.swift; path = SceneDelegate.swift; sourceTree = "<group>"; };
		B2754E0D24EE905900FDD971 /* ViewController.swift */ = {isa = PBXFileReference; lastKnownFileType = sourcecode.swift; path = ViewController.swift; sourceTree = "<group>"; };
		B2754E1024EE905900FDD971 /* Base */ = {isa = PBXFileReference; lastKnownFileType = file.storyboard; name = Base; path = Base.lproj/Main.storyboard; sourceTree = "<group>"; };
		B2754E1324EE905900FDD971 /* RealDecoy.xcdatamodel */ = {isa = PBXFileReference; lastKnownFileType = wrapper.xcdatamodel; path = RealDecoy.xcdatamodel; sourceTree = "<group>"; };
		B2754E1524EE905A00FDD971 /* Assets.xcassets */ = {isa = PBXFileReference; lastKnownFileType = folder.assetcatalog; path = Assets.xcassets; sourceTree = "<group>"; };
		B2754E1824EE905A00FDD971 /* Base */ = {isa = PBXFileReference; lastKnownFileType = file.storyboard; name = Base; path = Base.lproj/LaunchScreen.storyboard; sourceTree = "<group>"; };
		B2754E1A24EE905A00FDD971 /* Info.plist */ = {isa = PBXFileReference; lastKnownFileType = text.plist.xml; path = Info.plist; sourceTree = "<group>"; };
/* End PBXFileReference section */

/* Begin PBXFrameworksBuildPhase section */
		B2754E0324EE905900FDD971 /* Frameworks */ = {
			isa = PBXFrameworksBuildPhase;
			buildActionMask = 2147483647;
			files = (
			);
			runOnlyForDeploymentPostprocessing = 0;
		};
/* End PBXFrameworksBuildPhase section */

/* Begin PBXGroup section */
		B2754DFD24EE905900FDD971 = {
			isa = PBXGroup;
			children = (
				B2754E0824EE905900FDD971 /* RealDecoy */,
				B2754E0724EE905900FDD971 /* Products */,
			);
			sourceTree = "<group>";
		};
		B2754E0724EE905900FDD971 /* Products */ = {
			isa = PBXGroup;
			children = (
				B2754E0624EE905900FDD971 /* RealDecoy.app */,
			);
			name = Products;
			sourceTree = "<group>";
		};
		B2754E0824EE905900FDD971 /* RealDecoy */ = {
			isa = PBXGroup;
			children = (
				B2754E0924EE905900FDD971 /* AppDelegate.swift */,
				B2754E0B24EE905900FDD971 /* SceneDelegate.swift */,
				B2754E0D24EE905900FDD971 /* ViewController.swift */,
				B2754E0F24EE905900FDD971 /* Main.storyboard */,
				B2754E1524EE905A00FDD971 /* Assets.xcassets */,
				B2754E1724EE905A00FDD971 /* LaunchScreen.storyboard */,
				B2754E1A24EE905A00FDD971 /* Info.plist */,
				B2754E1224EE905900FDD971 /* RealDecoy.xcdatamodeld */,
			);
			path = RealDecoy;
			sourceTree = "<group>";
		};
/* End PBXGroup section */

/* Begin PBXNativeTarget section */
		B2754E0524EE905900FDD971 /* RealDecoy */ = {
			isa = PBXNativeTarget;
			buildConfigurationList = B2754E1D24EE905A00FDD971 /* Build configuration list for PBXNativeTarget "RealDecoy" */;
			buildPhases = (
				B2754E0224EE905900FDD971 /* Sources */,
				B2754E0324EE905900FDD971 /* Frameworks */,
				B2754E0424EE905900FDD971 /* Resources */,
			);
			buildRules = (
			);
			dependencies = (
			);
			name = RealDecoy;
			productName = RealDecoy;
			productReference = B2754E0624EE905900FDD971 /* RealDecoy.app */;
			productType = "com.apple.product-type.application";
		};
/* End PBXNativeTarget section */

/* Begin PBXProject section */
		B2754DFE24EE905900FDD971 /* Project object */ = {
			isa = PBXProject;
			attributes = {
				LastSwiftUpdateCheck = 1160;
				LastUpgradeCheck = 1160;
				ORGANIZATIONNAME = adebayo;
				TargetAttributes = {
					B2754E0524EE905900FDD971 = {
						CreatedOnToolsVersion = 11.6;
					};
				};
			};
			buildConfigurationList = B2754E0124EE905900FDD971 /* Build configuration list for PBXProject "RealDecoy" */;
			compatibilityVersion = "Xcode 9.3";
			developmentRegion = en;
			hasScannedForEncodings = 0;
			knownRegions = (
				en,
				Base,
			);
			mainGroup = B2754DFD24EE905900FDD971;
			productRefGroup = B2754E0724EE905900FDD971 /* Products */;
			projectDirPath = "";
			projectRoot = "";
			targets = (
				B2754E0524EE905900FDD971 /* RealDecoy */,
			);
		};
/* End PBXProject section */

/* Begin PBXResourcesBuildPhase section */
		B2754E0424EE905900FDD971 /* Resources */ = {
			isa = PBXResourcesBuildPhase;
			buildActionMask = 2147483647;
			files = (
				B2754E1924EE905A00FDD971 /* LaunchScreen.storyboard in Resources */,
				B2754E1624EE905A00FDD971 /* Assets.xcassets in Resources */,
				B2754E1124EE905900FDD971 /* Main.storyboard in Resources */,
			);
			runOnlyForDeploymentPostprocessing = 0;
		};
/* End PBXResourcesBuildPhase section */

/* Begin PBXSourcesBuildPhase section */
		B2754E0224EE905900FDD971 /* Sources */ = {
			isa = PBXSourcesBuildPhase;
			buildActionMask = 2147483647;
			files = (
				B2754E0E24EE905900FDD971 /* ViewController.swift in Sources */,
				B2754E0A24EE905900FDD971 /* AppDelegate.swift in Sources */,
				B2754E1424EE905900FDD971 /* RealDecoy.xcdatamodeld in Sources */,
				B2754E0C24EE905900FDD971 /* SceneDelegate.swift in Sources */,
			);
			runOnlyForDeploymentPostprocessing = 0;
		};
/* End PBXSourcesBuildPhase section */

/* Begin PBXVariantGroup section */
		B2754E0F24EE905900FDD971 /* Main.storyboard */ = {
			isa = PBXVariantGroup;
			children = (
				B2754E1024EE905900FDD971 /* Base */,
			);
			name = Main.storyboard;
			sourceTree = "<group>";
		};
		B2754E1724EE905A00FDD971 /* LaunchScreen.storyboard */ = {
			isa = PBXVariantGroup;
			children = (
				B2754E1824EE905A00FDD971 /* Base */,
			);
			name = LaunchScreen.storyboard;
			sourceTree = "<group>";
		};
/* End PBXVariantGroup section */

/* Begin XCBuildConfiguration section */
		B2754E1B24EE905A00FDD971 /* Debug */ = {
			isa = XCBuildConfiguration;
			buildSettings = {
				ALWAYS_SEARCH_USER_PATHS = NO;
				CLANG_ANALYZER_NONNULL = YES;
				CLANG_ANALYZER_NUMBER_OBJECT_CONVERSION = YES_AGGRESSIVE;
				CLANG_CXX_LANGUAGE_STANDARD = "gnu++14";
				CLANG_CXX_LIBRARY = "libc++";
				CLANG_ENABLE_MODULES = YES;
				CLANG_ENABLE_OBJC_ARC = YES;
				CLANG_ENABLE_OBJC_WEAK = YES;
				CLANG_WARN_BLOCK_CAPTURE_AUTORELEASING = YES;
				CLANG_WARN_BOOL_CONVERSION = YES;
				CLANG_WARN_COMMA = YES;
				CLANG_WARN_CONSTANT_CONVERSION = YES;
				CLANG_WARN_DEPRECATED_OBJC_IMPLEMENTATIONS = YES;
				CLANG_WARN_DIRECT_OBJC_ISA_USAGE = YES_ERROR;
				CLANG_WARN_DOCUMENTATION_COMMENTS = YES;
				CLANG_WARN_EMPTY_BODY = YES;
				CLANG_WARN_ENUM_CONVERSION = YES;
				CLANG_WARN_INFINITE_RECURSION = YES;
				CLANG_WARN_INT_CONVERSION = YES;
				CLANG_WARN_NON_LITERAL_NULL_CONVERSION = YES;
				CLANG_WARN_OBJC_IMPLICIT_RETAIN_SELF = YES;
				CLANG_WARN_OBJC_LITERAL_CONVERSION = YES;
				CLANG_WARN_OBJC_ROOT_CLASS = YES_ERROR;
				CLANG_WARN_RANGE_LOOP_ANALYSIS = YES;
				CLANG_WARN_STRICT_PROTOTYPES = YES;
				CLANG_WARN_SUSPICIOUS_MOVE = YES;
				CLANG_WARN_UNGUARDED_AVAILABILITY = YES_AGGRESSIVE;
				CLANG_WARN_UNREACHABLE_CODE = YES;
				CLANG_WARN__DUPLICATE_METHOD_MATCH = YES;
				COPY_PHASE_STRIP = NO;
				DEBUG_INFORMATION_FORMAT = dwarf;
				ENABLE_STRICT_OBJC_MSGSEND = YES;
				ENABLE_TESTABILITY = YES;
				GCC_C_LANGUAGE_STANDARD = gnu11;
				GCC_DYNAMIC_NO_PIC = NO;
				GCC_NO_COMMON_BLOCKS = YES;
				GCC_OPTIMIZATION_LEVEL = 0;
				GCC_PREPROCESSOR_DEFINITIONS = (
					"DEBUG=1",
					"$(inherited)",
				);
				GCC_WARN_64_TO_32_BIT_CONVERSION = YES;
				GCC_WARN_ABOUT_RETURN_TYPE = YES_ERROR;
				GCC_WARN_UNDECLARED_SELECTOR = YES;
				GCC_WARN_UNINITIALIZED_AUTOS = YES_AGGRESSIVE;
				GCC_WARN_UNUSED_FUNCTION = YES;
				GCC_WARN_UNUSED_VARIABLE = YES;
				IPHONEOS_DEPLOYMENT_TARGET = 13.6;
				MTL_ENABLE_DEBUG_INFO = INCLUDE_SOURCE;
				MTL_FAST_MATH = YES;
				ONLY_ACTIVE_ARCH = YES;
				SDKROOT = iphoneos;
				SWIFT_ACTIVE_COMPILATION_CONDITIONS = DEBUG;
				SWIFT_OPTIMIZATION_LEVEL = "-Onone";
			};
			name = Debug;
		};
		B2754E1C24EE905A00FDD971 /* Release */ = {
			isa = XCBuildConfiguration;
			buildSettings = {
				ALWAYS_SEARCH_USER_PATHS = NO;
				CLANG_ANALYZER_NONNULL = YES;
				CLANG_ANALYZER_NUMBER_OBJECT_CONVERSION = YES_AGGRESSIVE;
				CLANG_CXX_LANGUAGE_STANDARD = "gnu++14";
				CLANG_CXX_LIBRARY = "libc++";
				CLANG_ENABLE_MODULES = YES;
				CLANG_ENABLE_OBJC_ARC = YES;
				CLANG_ENABLE_OBJC_WEAK = YES;
				CLANG_WARN_BLOCK_CAPTURE_AUTORELEASING = YES;
				CLANG_WARN_BOOL_CONVERSION = YES;
				CLANG_WARN_COMMA = YES;
				CLANG_WARN_CONSTANT_CONVERSION = YES;
				CLANG_WARN_DEPRECATED_OBJC_IMPLEMENTATIONS = YES;
				CLANG_WARN_DIRECT_OBJC_ISA_USAGE = YES_ERROR;
				CLANG_WARN_DOCUMENTATION_COMMENTS = YES;
				CLANG_WARN_EMPTY_BODY = YES;
				CLANG_WARN_ENUM_CONVERSION = YES;
				CLANG_WARN_INFINITE_RECURSION = YES;
				CLANG_WARN_INT_CONVERSION = YES;
				CLANG_WARN_NON_LITERAL_NULL_CONVERSION = YES;
				CLANG_WARN_OBJC_IMPLICIT_RETAIN_SELF = YES;
				CLANG_WARN_OBJC_LITERAL_CONVERSION = YES;
				CLANG_WARN_OBJC_ROOT_CLASS = YES_ERROR;
				CLANG_WARN_RANGE_LOOP_ANALYSIS = YES;
				CLANG_WARN_STRICT_PROTOTYPES = YES;
				CLANG_WARN_SUSPICIOUS_MOVE = YES;
				CLANG_WARN_UNGUARDED_AVAILABILITY = YES_AGGRESSIVE;
				CLANG_WARN_UNREACHABLE_CODE = YES;
				CLANG_WARN__DUPLICATE_METHOD_MATCH = YES;
				COPY_PHASE_STRIP = NO;
				DEBUG_INFORMATION_FORMAT = "dwarf-with-dsym";
				ENABLE_NS_ASSERTIONS = NO;
				ENABLE_STRICT_OBJC_MSGSEND = YES;
				GCC_C_LANGUAGE_STANDARD = gnu11;
				GCC_NO_COMMON_BLOCKS = YES;
				GCC_WARN_64_TO_32_BIT_CONVERSION = YES;
				GCC_WARN_ABOUT_RETURN_TYPE = YES_ERROR;
				GCC_WARN_UNDECLARED_SELECTOR = YES;
				GCC_WARN_UNINITIALIZED_AUTOS = YES_AGGRESSIVE;
				GCC_WARN_UNUSED_FUNCTION = YES;
				GCC_WARN_UNUSED_VARIABLE = YES;
				IPHONEOS_DEPLOYMENT_TARGET = 13.6;
				MTL_ENABLE_DEBUG_INFO = NO;
				MTL_FAST_MATH = YES;
				SDKROOT = iphoneos;
				SWIFT_COMPILATION_MODE = wholemodule;
				SWIFT_OPTIMIZATION_LEVEL = "-O";
				VALIDATE_PRODUCT = YES;
			};
			name = Release;
		};
		B2754E1E24EE905A00FDD971 /* Debug */ = {
			isa = XCBuildConfiguration;
			buildSettings = {
				ASSETCATALOG_COMPILER_APPICON_NAME = AppIcon;
				CODE_SIGN_STYLE = Automatic;
				DEVELOPMENT_TEAM = YVG3V79M76;
				INFOPLIST_FILE = RealDecoy/Info.plist;
				LD_RUNPATH_SEARCH_PATHS = (
					"$(inherited)",
					"@executable_path/Frameworks",
				);
				PRODUCT_BUNDLE_IDENTIFIER = adebayo.RealDecoy;
				PRODUCT_NAME = "$(TARGET_NAME)";
				SWIFT_VERSION = 5.0;
				TARGETED_DEVICE_FAMILY = "1,2";
			};
			name = Debug;
		};
		B2754E1F24EE905A00FDD971 /* Release */ = {
			isa = XCBuildConfiguration;
			buildSettings = {
				ASSETCATALOG_COMPILER_APPICON_NAME = AppIcon;
				CODE_SIGN_STYLE = Automatic;
				DEVELOPMENT_TEAM = YVG3V79M76;
				INFOPLIST_FILE = RealDecoy/Info.plist;
				LD_RUNPATH_SEARCH_PATHS = (
					"$(inherited)",
					"@executable_path/Frameworks",
				);
				PRODUCT_BUNDLE_IDENTIFIER = adebayo.RealDecoy;
				PRODUCT_NAME = "$(TARGET_NAME)";
				SWIFT_VERSION = 5.0;
				TARGETED_DEVICE_FAMILY = "1,2";
			};
			name = Release;
		};
/* End XCBuildConfiguration section */

/* Begin XCConfigurationList section */
		B2754E0124EE905900FDD971 /* Build configuration list for PBXProject "RealDecoy" */ = {
			isa = XCConfigurationList;
			buildConfigurations = (
				B2754E1B24EE905A00FDD971 /* Debug */,
				B2754E1C24EE905A00FDD971 /* Release */,
			);
			defaultConfigurationIsVisible = 0;
			defaultConfigurationName = Release;
		};
		B2754E1D24EE905A00FDD971 /* Build configuration list for PBXNativeTarget "RealDecoy" */ = {
			isa = XCConfigurationList;
			buildConfigurations = (
				B2754E1E24EE905A00FDD971 /* Debug */,
				B2754E1F24EE905A00FDD971 /* Release */,
			);
			defaultConfigurationIsVisible = 0;
			defaultConfigurationName = Release;
		};
/* End XCConfigurationList section */

/* Begin XCVersionGroup section */
		B2754E1224EE905900FDD971 /* RealDecoy.xcdatamodeld */ = {
			isa = XCVersionGroup;
			children = (
				B2754E1324EE905900FDD971 /* RealDecoy.xcdatamodel */,
			);
			currentVersion = B2754E1324EE905900FDD971 /* RealDecoy.xcdatamodel */;
			path = RealDecoy.xcdatamodeld;
			sourceTree = "<group>";
			versionGroupType = wrapper.xcdatamodel;
		};
/* End XCVersionGroup section */
	};
	rootObject = B2754DFE24EE905900FDD971 /* Project object */;
}
